
Microsoft Visual Studio Solution File, Format Version 12.00
Project("{2150E333-8FDC-42A3-9474-1A3956D46DE8}") = "1.UnitTesting", "1.UnitTesting", "{AB99C3FB-B7B1-4F15-AD73-FD6D7B38E990}"
EndProject
Project("{2150E333-8FDC-42A3-9474-1A3956D46DE8}") = "1.Introduction.Completed", "1.Introduction.Completed", "{ACF669C3-D82D-46D4-A445-FBB078BB13B8}"
EndProject
Project("{2150E333-8FDC-42A3-9474-1A3956D46DE8}") = "2.DeepDive.Completed", "2.DeepDive.Completed", "{DBB66027-EC39-4FA1-8313-AF3FE4CA56A6}"
EndProject
Project("{2150E333-8FDC-42A3-9474-1A3956D46DE8}") = "src", "src", "{F09CE3D5-149F-4FC2-A278-FA265D48523F}"
EndProject
Project("{2150E333-8FDC-42A3-9474-1A3956D46DE8}") = "tests", "tests", "{4982AEA2-FAB7-4AF4-BC75-F5A421F50F34}"
EndProject
Project("{FAE04EC0-301F-11D3-BF4B-00C04F79EFBC}") = "AmazingCalculator", "1.UnitTesting\1.Introduction.Completed\src\AmazingCalculator\AmazingCalculator.csproj", "{BEE8EABF-F824-4A52-9352-84BF28E27B59}"
EndProject
Project("{FAE04EC0-301F-11D3-BF4B-00C04F79EFBC}") = "AmazingCalculator.Tests.Unit", "1.UnitTesting\1.Introduction.Completed\tests\AmazingCalculator.Tests.Unit\AmazingCalculator.Tests.Unit.csproj", "{68558D13-1925-470E-9979-8C107A8C2A19}"
EndProject
Project("{2150E333-8FDC-42A3-9474-1A3956D46DE8}") = "src", "src", "{85C5C800-D14A-4593-98DD-5668B334EA8C}"
EndProject
Project("{2150E333-8FDC-42A3-9474-1A3956D46DE8}") = "tests", "tests", "{9DF9A66B-6F85-45A7-BF66-B59A690280C9}"
EndProject
Project("{FAE04EC0-301F-11D3-BF4B-00C04F79EFBC}") = "ForeignExchange.Api", "1.UnitTesting\2.DeepDive.Completed\src\ForeignExchange.Api\ForeignExchange.Api.csproj", "{0A091939-5AD1-4242-93F2-95C025CB37E4}"
EndProject
Project("{FAE04EC0-301F-11D3-BF4B-00C04F79EFBC}") = "ForeignExchange.Api.Tests.Unit", "1.UnitTesting\2.DeepDive.Completed\tests\ForeignExchange.Api.Tests.Unit\ForeignExchange.Api.Tests.Unit.csproj", "{866D0A17-79CA-4674-9DBF-9477DC259585}"
EndProject
Project("{FAE04EC0-301F-11D3-BF4B-00C04F79EFBC}") = "EdgeCases", "1.UnitTesting\2.DeepDive.Completed\src\EdgeCases\EdgeCases.csproj", "{7707CB97-F4E8-45B3-97BE-A94858D5E39C}"
EndProject
Project("{FAE04EC0-301F-11D3-BF4B-00C04F79EFBC}") = "EdgeCases.Tests.Unit", "1.UnitTesting\2.DeepDive.Completed\tests\EdgeCases.Tests.Unit\EdgeCases.Tests.Unit.csproj", "{2F7853CA-FD17-4DB9-92FD-57DA10EFDE3C}"
EndProject
Project("{2150E333-8FDC-42A3-9474-1A3956D46DE8}") = "4.TDD.Completed", "4.TDD.Completed", "{D382337D-642C-46DE-ACE8-7FA0E486E36B}"
EndProject
Project("{2150E333-8FDC-42A3-9474-1A3956D46DE8}") = "src", "src", "{922A0E83-9DC2-4C5A-9A48-5020056FDCCE}"
EndProject
Project("{2150E333-8FDC-42A3-9474-1A3956D46DE8}") = "tests", "tests", "{9240C3AF-4CD9-4426-8EE2-887669214E8E}"
EndProject
Project("{FAE04EC0-301F-11D3-BF4B-00C04F79EFBC}") = "StringCalculator", "1.UnitTesting\4.TDD.Completed\src\StringCalculator\StringCalculator.csproj", "{6BF4D214-97CF-4E42-910C-40DC43732A16}"
EndProject
Project("{FAE04EC0-301F-11D3-BF4B-00C04F79EFBC}") = "StringCalculator.Tests.Unit", "1.UnitTesting\4.TDD.Completed\tests\StringCalculator.Tests.Unit\StringCalculator.Tests.Unit.csproj", "{8348E290-4D8D-456E-8666-5DDBC6181367}"
EndProject
Project("{2150E333-8FDC-42A3-9474-1A3956D46DE8}") = "5.MutationTesting.Completed", "5.MutationTesting.Completed", "{0EA3EB0C-79EF-48E2-BCDE-4DA8908324FA}"
EndProject
Project("{2150E333-8FDC-42A3-9474-1A3956D46DE8}") = "src", "src", "{53B8B088-9C74-461D-A867-EE0AD9B81B49}"
EndProject
Project("{2150E333-8FDC-42A3-9474-1A3956D46DE8}") = "tests", "tests", "{58A456B0-CC93-4B1F-885B-C8E12869654A}"
EndProject
Project("{FAE04EC0-301F-11D3-BF4B-00C04F79EFBC}") = "AwesomeCalculator", "1.UnitTesting\5.MutationTesting.Completed\src\AwesomeCalculator\AwesomeCalculator.csproj", "{B2581334-6B71-4239-9B44-48562322E3CA}"
EndProject
Project("{FAE04EC0-301F-11D3-BF4B-00C04F79EFBC}") = "AwesomeCalculator.Tests.Unit", "1.UnitTesting\5.MutationTesting.Completed\tests\AwesomeCalculator.Tests.Unit\AwesomeCalculator.Tests.Unit.csproj", "{48D6808D-1BA8-4F62-AF93-73919FD920D9}"
EndProject
Project("{2150E333-8FDC-42A3-9474-1A3956D46DE8}") = "2.IntegrationTesting", "2.IntegrationTesting", "{E60F046E-1DC8-4665-953A-BAF6A697F607}"
EndProject
Project("{2150E333-8FDC-42A3-9474-1A3956D46DE8}") = "1.ApiTesting.Completed", "1.ApiTesting.Completed", "{F33182B4-EA6F-4751-BA4C-87C1325A15A4}"
EndProject
Project("{2150E333-8FDC-42A3-9474-1A3956D46DE8}") = "src", "src", "{AD0B6DA8-CC08-4D08-9E68-C6DE4360B606}"
EndProject
Project("{2150E333-8FDC-42A3-9474-1A3956D46DE8}") = "tests", "tests", "{23087A7E-E0DC-4A8B-96E2-D820AE3A8FB5}"
EndProject
Project("{FAE04EC0-301F-11D3-BF4B-00C04F79EFBC}") = "Customers.Api", "2.IntegrationTesting\1.ApiTesting.Completed\src\Customers.Api\Customers.Api.csproj", "{F8644154-F4E7-4BD5-B8EA-B64DD3EA37E9}"
EndProject
Project("{FAE04EC0-301F-11D3-BF4B-00C04F79EFBC}") = "Customers.Api.Tests.Integration", "2.IntegrationTesting\1.ApiTesting.Completed\tests\Customers.Api.Tests.Integration\Customers.Api.Tests.Integration.csproj", "{C7954DBB-3249-487E-A7F5-F10592B181A8}"
EndProject
Project("{FAE04EC0-301F-11D3-BF4B-00C04F79EFBC}") = "GitHub.Api.Fake", "2.IntegrationTesting\1.ApiTesting.Completed\src\GitHub.Api.Fake\GitHub.Api.Fake.csproj", "{A1B374CC-F573-4E25-BF71-0DDE32DBC4E6}"
EndProject
Project("{2150E333-8FDC-42A3-9474-1A3956D46DE8}") = "Assets", "Assets", "{E937C7E9-2B01-4C66-B8C7-44FB4FD4DD10}"
	ProjectSection(SolutionItems) = preProject
		2.IntegrationTesting\Assets\Integration Testing Workshop.postman_collection.json = 2.IntegrationTesting\Assets\Integration Testing Workshop.postman_collection.json
	EndProjectSection
EndProject
Project("{2150E333-8FDC-42A3-9474-1A3956D46DE8}") = "2.UiTesting.Completed", "2.UiTesting.Completed", "{B49C0A8F-2538-45B9-9E3A-82285CFBCDD3}"
EndProject
Project("{2150E333-8FDC-42A3-9474-1A3956D46DE8}") = "src", "src", "{13733D69-6AE0-465C-96F2-E4965A950F31}"
EndProject
Project("{2150E333-8FDC-42A3-9474-1A3956D46DE8}") = "tests", "tests", "{9CD63D84-ECF6-4096-9C63-A080D3967871}"
EndProject
Project("{FAE04EC0-301F-11D3-BF4B-00C04F79EFBC}") = "Customers.WebApp", "2.IntegrationTesting\2.UiTesting.Completed\src\Customers.WebApp\Customers.WebApp.csproj", "{BE54E376-FFE0-4205-9AB2-FDD02F0F2E40}"
EndProject
Project("{FAE04EC0-301F-11D3-BF4B-00C04F79EFBC}") = "Customers.WebApp.Tests.Integration", "2.IntegrationTesting\2.UiTesting.Completed\tests\Customers.WebApp.Tests.Integration\Customers.WebApp.Tests.Integration.csproj", "{9DAEF74B-CB8D-4DA3-826F-108CA74218C6}"
EndProject
Project("{FAE04EC0-301F-11D3-BF4B-00C04F79EFBC}") = "Customers.WebApp.Auto", "2.IntegrationTesting\2.UiTesting.Completed\src\Customers.WebApp.Auto\Customers.WebApp.Auto.csproj", "{FE98603C-3C51-48DA-84DE-D3DCA89A71F5}"
EndProject
Project("{2150E333-8FDC-42A3-9474-1A3956D46DE8}") = "3.PerformanceTesting", "3.PerformanceTesting", "{92E908E2-5EBD-485B-8143-01C8F287D7CF}"
	ProjectSection(SolutionItems) = preProject
		3.PerformanceTesting\smoke-test.js = 3.PerformanceTesting\smoke-test.js
		3.PerformanceTesting\load-test.js = 3.PerformanceTesting\load-test.js
		3.PerformanceTesting\stress-test.js = 3.PerformanceTesting\stress-test.js
		3.PerformanceTesting\spike-test.js = 3.PerformanceTesting\spike-test.js
		3.PerformanceTesting\soak-test.js = 3.PerformanceTesting\soak-test.js
	EndProjectSection
EndProject
Project("{2150E333-8FDC-42A3-9474-1A3956D46DE8}") = "3.Refactoring", "3.Refactoring", "{86573C98-9FD2-4E39-8A2A-64BC07756BFF}"
EndProject
Project("{2150E333-8FDC-42A3-9474-1A3956D46DE8}") = "src", "src", "{AE207B2E-4A3B-4103-9633-2E4E667C56DA}"
EndProject
Project("{2150E333-8FDC-42A3-9474-1A3956D46DE8}") = "tests", "tests", "{E4E6F57F-BEE3-49A4-9A46-A2ADCBD6EFEC}"
EndProject
Project("{FAE04EC0-301F-11D3-BF4B-00C04F79EFBC}") = "LegacyApp", "1.UnitTesting\3.Refactoring\src\LegacyApp\LegacyApp.csproj", "{399FE802-DF26-48AA-B63A-759B5093801D}"
EndProject
Project("{FAE04EC0-301F-11D3-BF4B-00C04F79EFBC}") = "LegacyApp.Tests.Unit", "1.UnitTesting\3.Refactoring\tests\LegacyApp.Tests.Unit\LegacyApp.Tests.Unit.csproj", "{F931CB6F-6FF6-43E0-8F2C-8E5FAD67F864}"
EndProject
Project("{FAE04EC0-301F-11D3-BF4B-00C04F79EFBC}") = "LegacyApp.Consumer", "1.UnitTesting\3.Refactoring\src\LegacyApp.Consumer\LegacyApp.Consumer.csproj", "{7AFD7E31-3ABD-45F3-B02A-F5EED744DEE9}"
EndProject
Global
	GlobalSection(SolutionConfigurationPlatforms) = preSolution
		Debug|Any CPU = Debug|Any CPU
		Release|Any CPU = Release|Any CPU
	EndGlobalSection
	GlobalSection(NestedProjects) = preSolution
		{ACF669C3-D82D-46D4-A445-FBB078BB13B8} = {AB99C3FB-B7B1-4F15-AD73-FD6D7B38E990}
		{DBB66027-EC39-4FA1-8313-AF3FE4CA56A6} = {AB99C3FB-B7B1-4F15-AD73-FD6D7B38E990}
		{F09CE3D5-149F-4FC2-A278-FA265D48523F} = {ACF669C3-D82D-46D4-A445-FBB078BB13B8}
		{4982AEA2-FAB7-4AF4-BC75-F5A421F50F34} = {ACF669C3-D82D-46D4-A445-FBB078BB13B8}
		{BEE8EABF-F824-4A52-9352-84BF28E27B59} = {F09CE3D5-149F-4FC2-A278-FA265D48523F}
		{68558D13-1925-470E-9979-8C107A8C2A19} = {4982AEA2-FAB7-4AF4-BC75-F5A421F50F34}
		{85C5C800-D14A-4593-98DD-5668B334EA8C} = {DBB66027-EC39-4FA1-8313-AF3FE4CA56A6}
		{9DF9A66B-6F85-45A7-BF66-B59A690280C9} = {DBB66027-EC39-4FA1-8313-AF3FE4CA56A6}
		{0A091939-5AD1-4242-93F2-95C025CB37E4} = {85C5C800-D14A-4593-98DD-5668B334EA8C}
		{866D0A17-79CA-4674-9DBF-9477DC259585} = {9DF9A66B-6F85-45A7-BF66-B59A690280C9}
		{7707CB97-F4E8-45B3-97BE-A94858D5E39C} = {85C5C800-D14A-4593-98DD-5668B334EA8C}
		{2F7853CA-FD17-4DB9-92FD-57DA10EFDE3C} = {9DF9A66B-6F85-45A7-BF66-B59A690280C9}
		{D382337D-642C-46DE-ACE8-7FA0E486E36B} = {AB99C3FB-B7B1-4F15-AD73-FD6D7B38E990}
		{922A0E83-9DC2-4C5A-9A48-5020056FDCCE} = {D382337D-642C-46DE-ACE8-7FA0E486E36B}
		{9240C3AF-4CD9-4426-8EE2-887669214E8E} = {D382337D-642C-46DE-ACE8-7FA0E486E36B}
		{6BF4D214-97CF-4E42-910C-40DC43732A16} = {922A0E83-9DC2-4C5A-9A48-5020056FDCCE}
		{8348E290-4D8D-456E-8666-5DDBC6181367} = {9240C3AF-4CD9-4426-8EE2-887669214E8E}
		{0EA3EB0C-79EF-48E2-BCDE-4DA8908324FA} = {AB99C3FB-B7B1-4F15-AD73-FD6D7B38E990}
		{53B8B088-9C74-461D-A867-EE0AD9B81B49} = {0EA3EB0C-79EF-48E2-BCDE-4DA8908324FA}
		{58A456B0-CC93-4B1F-885B-C8E12869654A} = {0EA3EB0C-79EF-48E2-BCDE-4DA8908324FA}
		{B2581334-6B71-4239-9B44-48562322E3CA} = {53B8B088-9C74-461D-A867-EE0AD9B81B49}
		{48D6808D-1BA8-4F62-AF93-73919FD920D9} = {58A456B0-CC93-4B1F-885B-C8E12869654A}
		{F33182B4-EA6F-4751-BA4C-87C1325A15A4} = {E60F046E-1DC8-4665-953A-BAF6A697F607}
		{AD0B6DA8-CC08-4D08-9E68-C6DE4360B606} = {F33182B4-EA6F-4751-BA4C-87C1325A15A4}
		{23087A7E-E0DC-4A8B-96E2-D820AE3A8FB5} = {F33182B4-EA6F-4751-BA4C-87C1325A15A4}
		{F8644154-F4E7-4BD5-B8EA-B64DD3EA37E9} = {AD0B6DA8-CC08-4D08-9E68-C6DE4360B606}
		{C7954DBB-3249-487E-A7F5-F10592B181A8} = {23087A7E-E0DC-4A8B-96E2-D820AE3A8FB5}
		{A1B374CC-F573-4E25-BF71-0DDE32DBC4E6} = {AD0B6DA8-CC08-4D08-9E68-C6DE4360B606}
		{E937C7E9-2B01-4C66-B8C7-44FB4FD4DD10} = {E60F046E-1DC8-4665-953A-BAF6A697F607}
		{B49C0A8F-2538-45B9-9E3A-82285CFBCDD3} = {E60F046E-1DC8-4665-953A-BAF6A697F607}
		{13733D69-6AE0-465C-96F2-E4965A950F31} = {B49C0A8F-2538-45B9-9E3A-82285CFBCDD3}
		{9CD63D84-ECF6-4096-9C63-A080D3967871} = {B49C0A8F-2538-45B9-9E3A-82285CFBCDD3}
		{BE54E376-FFE0-4205-9AB2-FDD02F0F2E40} = {13733D69-6AE0-465C-96F2-E4965A950F31}
		{9DAEF74B-CB8D-4DA3-826F-108CA74218C6} = {9CD63D84-ECF6-4096-9C63-A080D3967871}
		{FE98603C-3C51-48DA-84DE-D3DCA89A71F5} = {13733D69-6AE0-465C-96F2-E4965A950F31}
		{86573C98-9FD2-4E39-8A2A-64BC07756BFF} = {AB99C3FB-B7B1-4F15-AD73-FD6D7B38E990}
		{AE207B2E-4A3B-4103-9633-2E4E667C56DA} = {86573C98-9FD2-4E39-8A2A-64BC07756BFF}
		{E4E6F57F-BEE3-49A4-9A46-A2ADCBD6EFEC} = {86573C98-9FD2-4E39-8A2A-64BC07756BFF}
		{399FE802-DF26-48AA-B63A-759B5093801D} = {AE207B2E-4A3B-4103-9633-2E4E667C56DA}
		{F931CB6F-6FF6-43E0-8F2C-8E5FAD67F864} = {E4E6F57F-BEE3-49A4-9A46-A2ADCBD6EFEC}
		{7AFD7E31-3ABD-45F3-B02A-F5EED744DEE9} = {AE207B2E-4A3B-4103-9633-2E4E667C56DA}
	EndGlobalSection
	GlobalSection(ProjectConfigurationPlatforms) = postSolution
		{BEE8EABF-F824-4A52-9352-84BF28E27B59}.Debug|Any CPU.ActiveCfg = Debug|Any CPU
		{BEE8EABF-F824-4A52-9352-84BF28E27B59}.Debug|Any CPU.Build.0 = Debug|Any CPU
		{BEE8EABF-F824-4A52-9352-84BF28E27B59}.Release|Any CPU.ActiveCfg = Release|Any CPU
		{BEE8EABF-F824-4A52-9352-84BF28E27B59}.Release|Any CPU.Build.0 = Release|Any CPU
		{68558D13-1925-470E-9979-8C107A8C2A19}.Debug|Any CPU.ActiveCfg = Debug|Any CPU
		{68558D13-1925-470E-9979-8C107A8C2A19}.Debug|Any CPU.Build.0 = Debug|Any CPU
		{68558D13-1925-470E-9979-8C107A8C2A19}.Release|Any CPU.ActiveCfg = Release|Any CPU
		{68558D13-1925-470E-9979-8C107A8C2A19}.Release|Any CPU.Build.0 = Release|Any CPU
		{0A091939-5AD1-4242-93F2-95C025CB37E4}.Debug|Any CPU.ActiveCfg = Debug|Any CPU
		{0A091939-5AD1-4242-93F2-95C025CB37E4}.Debug|Any CPU.Build.0 = Debug|Any CPU
		{0A091939-5AD1-4242-93F2-95C025CB37E4}.Release|Any CPU.ActiveCfg = Release|Any CPU
		{0A091939-5AD1-4242-93F2-95C025CB37E4}.Release|Any CPU.Build.0 = Release|Any CPU
		{866D0A17-79CA-4674-9DBF-9477DC259585}.Debug|Any CPU.ActiveCfg = Debug|Any CPU
		{866D0A17-79CA-4674-9DBF-9477DC259585}.Debug|Any CPU.Build.0 = Debug|Any CPU
		{866D0A17-79CA-4674-9DBF-9477DC259585}.Release|Any CPU.ActiveCfg = Release|Any CPU
		{866D0A17-79CA-4674-9DBF-9477DC259585}.Release|Any CPU.Build.0 = Release|Any CPU
		{7707CB97-F4E8-45B3-97BE-A94858D5E39C}.Debug|Any CPU.ActiveCfg = Debug|Any CPU
		{7707CB97-F4E8-45B3-97BE-A94858D5E39C}.Debug|Any CPU.Build.0 = Debug|Any CPU
		{7707CB97-F4E8-45B3-97BE-A94858D5E39C}.Release|Any CPU.ActiveCfg = Release|Any CPU
		{7707CB97-F4E8-45B3-97BE-A94858D5E39C}.Release|Any CPU.Build.0 = Release|Any CPU
		{2F7853CA-FD17-4DB9-92FD-57DA10EFDE3C}.Debug|Any CPU.ActiveCfg = Debug|Any CPU
		{2F7853CA-FD17-4DB9-92FD-57DA10EFDE3C}.Debug|Any CPU.Build.0 = Debug|Any CPU
		{2F7853CA-FD17-4DB9-92FD-57DA10EFDE3C}.Release|Any CPU.ActiveCfg = Release|Any CPU
		{2F7853CA-FD17-4DB9-92FD-57DA10EFDE3C}.Release|Any CPU.Build.0 = Release|Any CPU
		{6BF4D214-97CF-4E42-910C-40DC43732A16}.Debug|Any CPU.ActiveCfg = Debug|Any CPU
		{6BF4D214-97CF-4E42-910C-40DC43732A16}.Debug|Any CPU.Build.0 = Debug|Any CPU
		{6BF4D214-97CF-4E42-910C-40DC43732A16}.Release|Any CPU.ActiveCfg = Release|Any CPU
		{6BF4D214-97CF-4E42-910C-40DC43732A16}.Release|Any CPU.Build.0 = Release|Any CPU
		{8348E290-4D8D-456E-8666-5DDBC6181367}.Debug|Any CPU.ActiveCfg = Debug|Any CPU
		{8348E290-4D8D-456E-8666-5DDBC6181367}.Debug|Any CPU.Build.0 = Debug|Any CPU
		{8348E290-4D8D-456E-8666-5DDBC6181367}.Release|Any CPU.ActiveCfg = Release|Any CPU
		{8348E290-4D8D-456E-8666-5DDBC6181367}.Release|Any CPU.Build.0 = Release|Any CPU
		{B2581334-6B71-4239-9B44-48562322E3CA}.Debug|Any CPU.ActiveCfg = Debug|Any CPU
		{B2581334-6B71-4239-9B44-48562322E3CA}.Debug|Any CPU.Build.0 = Debug|Any CPU
		{B2581334-6B71-4239-9B44-48562322E3CA}.Release|Any CPU.ActiveCfg = Release|Any CPU
		{B2581334-6B71-4239-9B44-48562322E3CA}.Release|Any CPU.Build.0 = Release|Any CPU
		{48D6808D-1BA8-4F62-AF93-73919FD920D9}.Debug|Any CPU.ActiveCfg = Debug|Any CPU
		{48D6808D-1BA8-4F62-AF93-73919FD920D9}.Debug|Any CPU.Build.0 = Debug|Any CPU
		{48D6808D-1BA8-4F62-AF93-73919FD920D9}.Release|Any CPU.ActiveCfg = Release|Any CPU
		{48D6808D-1BA8-4F62-AF93-73919FD920D9}.Release|Any CPU.Build.0 = Release|Any CPU
		{F8644154-F4E7-4BD5-B8EA-B64DD3EA37E9}.Debug|Any CPU.ActiveCfg = Debug|Any CPU
		{F8644154-F4E7-4BD5-B8EA-B64DD3EA37E9}.Debug|Any CPU.Build.0 = Debug|Any CPU
		{F8644154-F4E7-4BD5-B8EA-B64DD3EA37E9}.Release|Any CPU.ActiveCfg = Release|Any CPU
		{F8644154-F4E7-4BD5-B8EA-B64DD3EA37E9}.Release|Any CPU.Build.0 = Release|Any CPU
		{C7954DBB-3249-487E-A7F5-F10592B181A8}.Debug|Any CPU.ActiveCfg = Debug|Any CPU
		{C7954DBB-3249-487E-A7F5-F10592B181A8}.Debug|Any CPU.Build.0 = Debug|Any CPU
		{C7954DBB-3249-487E-A7F5-F10592B181A8}.Release|Any CPU.ActiveCfg = Release|Any CPU
		{C7954DBB-3249-487E-A7F5-F10592B181A8}.Release|Any CPU.Build.0 = Release|Any CPU
		{A1B374CC-F573-4E25-BF71-0DDE32DBC4E6}.Debug|Any CPU.ActiveCfg = Debug|Any CPU
		{A1B374CC-F573-4E25-BF71-0DDE32DBC4E6}.Debug|Any CPU.Build.0 = Debug|Any CPU
		{A1B374CC-F573-4E25-BF71-0DDE32DBC4E6}.Release|Any CPU.ActiveCfg = Release|Any CPU
		{A1B374CC-F573-4E25-BF71-0DDE32DBC4E6}.Release|Any CPU.Build.0 = Release|Any CPU
		{BE54E376-FFE0-4205-9AB2-FDD02F0F2E40}.Debug|Any CPU.ActiveCfg = Debug|Any CPU
		{BE54E376-FFE0-4205-9AB2-FDD02F0F2E40}.Debug|Any CPU.Build.0 = Debug|Any CPU
		{BE54E376-FFE0-4205-9AB2-FDD02F0F2E40}.Release|Any CPU.ActiveCfg = Release|Any CPU
		{BE54E376-FFE0-4205-9AB2-FDD02F0F2E40}.Release|Any CPU.Build.0 = Release|Any CPU
		{9DAEF74B-CB8D-4DA3-826F-108CA74218C6}.Debug|Any CPU.ActiveCfg = Debug|Any CPU
		{9DAEF74B-CB8D-4DA3-826F-108CA74218C6}.Debug|Any CPU.Build.0 = Debug|Any CPU
		{9DAEF74B-CB8D-4DA3-826F-108CA74218C6}.Release|Any CPU.ActiveCfg = Release|Any CPU
		{9DAEF74B-CB8D-4DA3-826F-108CA74218C6}.Release|Any CPU.Build.0 = Release|Any CPU
		{FE98603C-3C51-48DA-84DE-D3DCA89A71F5}.Debug|Any CPU.ActiveCfg = Debug|Any CPU
		{FE98603C-3C51-48DA-84DE-D3DCA89A71F5}.Debug|Any CPU.Build.0 = Debug|Any CPU
		{FE98603C-3C51-48DA-84DE-D3DCA89A71F5}.Release|Any CPU.ActiveCfg = Release|Any CPU
		{FE98603C-3C51-48DA-84DE-D3DCA89A71F5}.Release|Any CPU.Build.0 = Release|Any CPU
		{399FE802-DF26-48AA-B63A-759B5093801D}.Debug|Any CPU.ActiveCfg = Debug|Any CPU
		{399FE802-DF26-48AA-B63A-759B5093801D}.Debug|Any CPU.Build.0 = Debug|Any CPU
		{399FE802-DF26-48AA-B63A-759B5093801D}.Release|Any CPU.ActiveCfg = Release|Any CPU
		{399FE802-DF26-48AA-B63A-759B5093801D}.Release|Any CPU.Build.0 = Release|Any CPU
		{F931CB6F-6FF6-43E0-8F2C-8E5FAD67F864}.Debug|Any CPU.ActiveCfg = Debug|Any CPU
		{F931CB6F-6FF6-43E0-8F2C-8E5FAD67F864}.Debug|Any CPU.Build.0 = Debug|Any CPU
		{F931CB6F-6FF6-43E0-8F2C-8E5FAD67F864}.Release|Any CPU.ActiveCfg = Release|Any CPU
		{F931CB6F-6FF6-43E0-8F2C-8E5FAD67F864}.Release|Any CPU.Build.0 = Release|Any CPU
		{7AFD7E31-3ABD-45F3-B02A-F5EED744DEE9}.Debug|Any CPU.ActiveCfg = Debug|Any CPU
		{7AFD7E31-3ABD-45F3-B02A-F5EED744DEE9}.Debug|Any CPU.Build.0 = Debug|Any CPU
		{7AFD7E31-3ABD-45F3-B02A-F5EED744DEE9}.Release|Any CPU.ActiveCfg = Release|Any CPU
		{7AFD7E31-3ABD-45F3-B02A-F5EED744DEE9}.Release|Any CPU.Build.0 = Release|Any CPU
	EndGlobalSection
EndGlobal
